
Microsoft Visual Studio Solution File, Format Version 12.00
# Visual Studio Version 17
VisualStudioVersion = 17.5.33502.453
MinimumVisualStudioVersion = 10.0.40219.1
Project("{FAE04EC0-301F-11D3-BF4B-00C04F79EFBC}") = "Button", "Button\Button.csproj", "{D90FAC8F-3CEB-41C0-8005-E4B9F6E24110}"
EndProject
Global
	GlobalSection(SolutionConfigurationPlatforms) = preSolution
		Debug|Any CPU = Debug|Any CPU
		Release|Any CPU = Release|Any CPU
	EndGlobalSection
	GlobalSection(ProjectConfigurationPlatforms) = postSolution
		{D90FAC8F-3CEB-41C0-8005-E4B9F6E24110}.Debug|Any CPU.ActiveCfg = Debug|Any CPU
		{D90FAC8F-3CEB-41C0-8005-E4B9F6E24110}.Debug|Any CPU.Build.0 = Debug|Any CPU
		{D90FAC8F-3CEB-41C0-8005-E4B9F6E24110}.Release|Any CPU.ActiveCfg = Release|Any CPU
		{D90FAC8F-3CEB-41C0-8005-E4B9F6E24110}.Release|Any CPU.Build.0 = Release|Any CPU
	EndGlobalSection
	GlobalSection(SolutionProperties) = preSolution
		HideSolutionNode = FALSE
	EndGlobalSection
	GlobalSection(ExtensibilityGlobals) = postSolution
		SolutionGuid = {A7AF872E-3247-45DF-9310-C163D5441DCE}
	EndGlobalSection
EndGlobal
